
Microsoft Visual Studio Solution File, Format Version 12.00
# Visual Studio Version 17
VisualStudioVersion = 17.14.36121.58 d17.14
MinimumVisualStudioVersion = 10.0.40219.1
Project("{FAE04EC0-301F-11D3-BF4B-00C04F79EFBC}") = "Filmi", "Filmi\Filmi.csproj", "{D8EE3AED-CBD5-456B-991B-F6CCEA188F3B}"
EndProject
Global
	GlobalSection(SolutionConfigurationPlatforms) = preSolution
		Debug|Any CPU = Debug|Any CPU
		Release|Any CPU = Release|Any CPU
	EndGlobalSection
	GlobalSection(ProjectConfigurationPlatforms) = postSolution
		{D8EE3AED-CBD5-456B-991B-F6CCEA188F3B}.Debug|Any CPU.ActiveCfg = Debug|Any CPU
		{D8EE3AED-CBD5-456B-991B-F6CCEA188F3B}.Debug|Any CPU.Build.0 = Debug|Any CPU
		{D8EE3AED-CBD5-456B-991B-F6CCEA188F3B}.Release|Any CPU.ActiveCfg = Release|Any CPU
		{D8EE3AED-CBD5-456B-991B-F6CCEA188F3B}.Release|Any CPU.Build.0 = Release|Any CPU
	EndGlobalSection
	GlobalSection(SolutionProperties) = preSolution
		HideSolutionNode = FALSE
	EndGlobalSection
	GlobalSection(ExtensibilityGlobals) = postSolution
		SolutionGuid = {FF76DFC5-6902-4B5D-9722-5533F7A92C31}
	EndGlobalSection
EndGlobal
